
Microsoft Visual Studio Solution File, Format Version 12.00
# Visual Studio Version 17
VisualStudioVersion = 17.11.35327.3
MinimumVisualStudioVersion = 10.0.40219.1
Project("{FAE04EC0-301F-11D3-BF4B-00C04F79EFBC}") = "IsaacssPieShop", "IsaacssPieShop\IsaacssPieShop.csproj", "{57A3E7DE-13DA-4BE2-807D-97B477B3D874}"
EndProject
Global
	GlobalSection(SolutionConfigurationPlatforms) = preSolution
		Debug|Any CPU = Debug|Any CPU
		Release|Any CPU = Release|Any CPU
	EndGlobalSection
	GlobalSection(ProjectConfigurationPlatforms) = postSolution
		{57A3E7DE-13DA-4BE2-807D-97B477B3D874}.Debug|Any CPU.ActiveCfg = Debug|Any CPU
		{57A3E7DE-13DA-4BE2-807D-97B477B3D874}.Debug|Any CPU.Build.0 = Debug|Any CPU
		{57A3E7DE-13DA-4BE2-807D-97B477B3D874}.Release|Any CPU.ActiveCfg = Release|Any CPU
		{57A3E7DE-13DA-4BE2-807D-97B477B3D874}.Release|Any CPU.Build.0 = Release|Any CPU
	EndGlobalSection
	GlobalSection(SolutionProperties) = preSolution
		HideSolutionNode = FALSE
	EndGlobalSection
	GlobalSection(ExtensibilityGlobals) = postSolution
		SolutionGuid = {423B1BF0-1462-4E8F-A219-9EE6E9547844}
	EndGlobalSection
EndGlobal
